
Microsoft Visual Studio Solution File, Format Version 12.00
# Visual Studio Version 17
VisualStudioVersion = 17.10.35013.160
MinimumVisualStudioVersion = 10.0.40219.1
Project("{FAE04EC0-301F-11D3-BF4B-00C04F79EFBC}") = "BMICalculator", "BMICalculator\BMICalculator.csproj", "{328A5043-4192-491C-A3B3-0FD530F05A44}"
EndProject
Global
	GlobalSection(SolutionConfigurationPlatforms) = preSolution
		Debug|Any CPU = Debug|Any CPU
		Release|Any CPU = Release|Any CPU
	EndGlobalSection
	GlobalSection(ProjectConfigurationPlatforms) = postSolution
		{328A5043-4192-491C-A3B3-0FD530F05A44}.Debug|Any CPU.ActiveCfg = Debug|Any CPU
		{328A5043-4192-491C-A3B3-0FD530F05A44}.Debug|Any CPU.Build.0 = Debug|Any CPU
		{328A5043-4192-491C-A3B3-0FD530F05A44}.Release|Any CPU.ActiveCfg = Release|Any CPU
		{328A5043-4192-491C-A3B3-0FD530F05A44}.Release|Any CPU.Build.0 = Release|Any CPU
	EndGlobalSection
	GlobalSection(SolutionProperties) = preSolution
		HideSolutionNode = FALSE
	EndGlobalSection
	GlobalSection(ExtensibilityGlobals) = postSolution
		SolutionGuid = {2E7BD840-E5AA-411C-9F23-5D36F3232993}
	EndGlobalSection
EndGlobal
