
Microsoft Visual Studio Solution File, Format Version 12.00
# Visual Studio Version 17
VisualStudioVersion = 17.10.35013.160
MinimumVisualStudioVersion = 10.0.40219.1
Project("{FAE04EC0-301F-11D3-BF4B-00C04F79EFBC}") = "PocOnEnums", "PocOnEnums\PocOnEnums.csproj", "{BB4409CF-635E-4E46-8CE3-FAAC0FA8CDE4}"
EndProject
Global
	GlobalSection(SolutionConfigurationPlatforms) = preSolution
		Debug|Any CPU = Debug|Any CPU
		Release|Any CPU = Release|Any CPU
	EndGlobalSection
	GlobalSection(ProjectConfigurationPlatforms) = postSolution
		{BB4409CF-635E-4E46-8CE3-FAAC0FA8CDE4}.Debug|Any CPU.ActiveCfg = Debug|Any CPU
		{BB4409CF-635E-4E46-8CE3-FAAC0FA8CDE4}.Debug|Any CPU.Build.0 = Debug|Any CPU
		{BB4409CF-635E-4E46-8CE3-FAAC0FA8CDE4}.Release|Any CPU.ActiveCfg = Release|Any CPU
		{BB4409CF-635E-4E46-8CE3-FAAC0FA8CDE4}.Release|Any CPU.Build.0 = Release|Any CPU
	EndGlobalSection
	GlobalSection(SolutionProperties) = preSolution
		HideSolutionNode = FALSE
	EndGlobalSection
	GlobalSection(ExtensibilityGlobals) = postSolution
		SolutionGuid = {65D2E92C-50EE-477B-97ED-F48C868BC370}
	EndGlobalSection
EndGlobal
